// !$*UTF8*$!
{
	archiveVersion = 1;
	classes = {
	};
	objectVersion = 50;
	objects = {

/* Begin PBXBuildFile section */
		91181D81228C0CD0002A8C09 /* HanProgressView.swift in Sources */ = {isa = PBXBuildFile; fileRef = 91181D80228C0CD0002A8C09 /* HanProgressView.swift */; };
		9119A6E5228914ED0062D305 /* HanTools_UIView.swift in Sources */ = {isa = PBXBuildFile; fileRef = 9119A6E4228914ED0062D305 /* HanTools_UIView.swift */; };
		9119A6E82289486B0062D305 /* HanTipsHUD.swift in Sources */ = {isa = PBXBuildFile; fileRef = 9119A6E72289486B0062D305 /* HanTipsHUD.swift */; };
		9119A6EA228949A30062D305 /* HanBasicView.swift in Sources */ = {isa = PBXBuildFile; fileRef = 9119A6E9228949A30062D305 /* HanBasicView.swift */; };
		9119A6ED22894ED60062D305 /* HanTools.swift in Sources */ = {isa = PBXBuildFile; fileRef = 9119A6EC22894ED60062D305 /* HanTools.swift */; };
		9119A6EF2289546A0062D305 /* HanTools_UIColor.swift in Sources */ = {isa = PBXBuildFile; fileRef = 9119A6EE2289546A0062D305 /* HanTools_UIColor.swift */; };
		9119A6F12289640F0062D305 /* HanZoomPictureView.swift in Sources */ = {isa = PBXBuildFile; fileRef = 9119A6F02289640F0062D305 /* HanZoomPictureView.swift */; };
		9119A6F322896D3E0062D305 /* HanTools_Predicate.swift in Sources */ = {isa = PBXBuildFile; fileRef = 9119A6F222896D3E0062D305 /* HanTools_Predicate.swift */; };
		9119A6F522896DC50062D305 /* HanTools_String.swift in Sources */ = {isa = PBXBuildFile; fileRef = 9119A6F422896DC50062D305 /* HanTools_String.swift */; };
		9119A6F822896F370062D305 /* HanBase64.swift in Sources */ = {isa = PBXBuildFile; fileRef = 9119A6F722896F370062D305 /* HanBase64.swift */; };
		9119A6FA22896F460062D305 /* HanMD5.swift in Sources */ = {isa = PBXBuildFile; fileRef = 9119A6F922896F460062D305 /* HanMD5.swift */; };
		9119A6FC22896F650062D305 /* HanRSA.swift in Sources */ = {isa = PBXBuildFile; fileRef = 9119A6FB22896F650062D305 /* HanRSA.swift */; };
		9119A6FF228977520062D305 /* placeholder.png in Resources */ = {isa = PBXBuildFile; fileRef = 9119A6FE228977520062D305 /* placeholder.png */; };
		9119E27722851F780087653A /* AppDelegate.swift in Sources */ = {isa = PBXBuildFile; fileRef = 9119E27622851F780087653A /* AppDelegate.swift */; };
		9119E27922851F780087653A /* ViewController.swift in Sources */ = {isa = PBXBuildFile; fileRef = 9119E27822851F780087653A /* ViewController.swift */; };
		9119E27C22851F780087653A /* Main.storyboard in Resources */ = {isa = PBXBuildFile; fileRef = 9119E27A22851F780087653A /* Main.storyboard */; };
		9119E27E22851F7A0087653A /* Assets.xcassets in Resources */ = {isa = PBXBuildFile; fileRef = 9119E27D22851F7A0087653A /* Assets.xcassets */; };
		9119E28122851F7A0087653A /* LaunchScreen.storyboard in Resources */ = {isa = PBXBuildFile; fileRef = 9119E27F22851F7A0087653A /* LaunchScreen.storyboard */; };
		9119E2AD228521830087653A /* HanBasicDefine.swift in Sources */ = {isa = PBXBuildFile; fileRef = 9119E2AC228521830087653A /* HanBasicDefine.swift */; };
		9119E2B9228560560087653A /* HanImagePicker.swift in Sources */ = {isa = PBXBuildFile; fileRef = 9119E2B8228560560087653A /* HanImagePicker.swift */; };
		9119E2BB2285612B0087653A /* HanPublicBlock.swift in Sources */ = {isa = PBXBuildFile; fileRef = 9119E2BA2285612B0087653A /* HanPublicBlock.swift */; };
		9119E2BE22856D170087653A /* HanImagePickerVC.swift in Sources */ = {isa = PBXBuildFile; fileRef = 9119E2BC22856D170087653A /* HanImagePickerVC.swift */; };
		9119E2BF22856D170087653A /* HanImagePickerVC.xib in Resources */ = {isa = PBXBuildFile; fileRef = 9119E2BD22856D170087653A /* HanImagePickerVC.xib */; };
		9119E2C2228570320087653A /* ExampleVC.swift in Sources */ = {isa = PBXBuildFile; fileRef = 9119E2C0228570320087653A /* ExampleVC.swift */; };
		9119E2C3228570320087653A /* ExampleVC.xib in Resources */ = {isa = PBXBuildFile; fileRef = 9119E2C1228570320087653A /* ExampleVC.xib */; };
		914251B9228A54870010FD8B /* HanZoomPictureVC.swift in Sources */ = {isa = PBXBuildFile; fileRef = 914251B7228A54870010FD8B /* HanZoomPictureVC.swift */; };
		914251BA228A54870010FD8B /* HanZoomPictureVC.xib in Resources */ = {isa = PBXBuildFile; fileRef = 914251B8228A54870010FD8B /* HanZoomPictureVC.xib */; };
		914251BC228A5B200010FD8B /* HanZoom.jpeg in Resources */ = {isa = PBXBuildFile; fileRef = 914251BB228A5B200010FD8B /* HanZoom.jpeg */; };
		914251BE228A6DE30010FD8B /* HanTools_UIImage.swift in Sources */ = {isa = PBXBuildFile; fileRef = 914251BD228A6DE30010FD8B /* HanTools_UIImage.swift */; };
		914251C1228A6EC30010FD8B /* HanZoomPicturesScrollView.swift in Sources */ = {isa = PBXBuildFile; fileRef = 914251C0228A6EC30010FD8B /* HanZoomPicturesScrollView.swift */; };
		914251C3228A6F0B0010FD8B /* HanZoomPicturesView.swift in Sources */ = {isa = PBXBuildFile; fileRef = 914251C2228A6F0B0010FD8B /* HanZoomPicturesView.swift */; };
		914251C5228A6F8D0010FD8B /* HanZoomPicturesVC.swift in Sources */ = {isa = PBXBuildFile; fileRef = 914251C4228A6F8D0010FD8B /* HanZoomPicturesVC.swift */; };
		914251CE228A70430010FD8B /* 4.png in Resources */ = {isa = PBXBuildFile; fileRef = 914251C7228A70430010FD8B /* 4.png */; };
		914251CF228A70430010FD8B /* 5.png in Resources */ = {isa = PBXBuildFile; fileRef = 914251C8228A70430010FD8B /* 5.png */; };
		914251D0228A70430010FD8B /* 7.png in Resources */ = {isa = PBXBuildFile; fileRef = 914251C9228A70430010FD8B /* 7.png */; };
		914251D1228A70430010FD8B /* 6.png in Resources */ = {isa = PBXBuildFile; fileRef = 914251CA228A70430010FD8B /* 6.png */; };
		914251D2228A70430010FD8B /* 2.png in Resources */ = {isa = PBXBuildFile; fileRef = 914251CB228A70430010FD8B /* 2.png */; };
		914251D3228A70430010FD8B /* 3.png in Resources */ = {isa = PBXBuildFile; fileRef = 914251CC228A70430010FD8B /* 3.png */; };
		914251D4228A70430010FD8B /* 1.png in Resources */ = {isa = PBXBuildFile; fileRef = 914251CD228A70430010FD8B /* 1.png */; };
		914251DC228A96740010FD8B /* HanProgressVC.swift in Sources */ = {isa = PBXBuildFile; fileRef = 914251DA228A96740010FD8B /* HanProgressVC.swift */; };
		914251DD228A96740010FD8B /* HanProgressVC.xib in Resources */ = {isa = PBXBuildFile; fileRef = 914251DB228A96740010FD8B /* HanProgressVC.xib */; };
/* End PBXBuildFile section */

/* Begin PBXFileReference section */
		91181D80228C0CD0002A8C09 /* HanProgressView.swift */ = {isa = PBXFileReference; lastKnownFileType = sourcecode.swift; path = HanProgressView.swift; sourceTree = "<group>"; };
		9119A6E4228914ED0062D305 /* HanTools_UIView.swift */ = {isa = PBXFileReference; lastKnownFileType = sourcecode.swift; path = HanTools_UIView.swift; sourceTree = "<group>"; };
		9119A6E72289486B0062D305 /* HanTipsHUD.swift */ = {isa = PBXFileReference; lastKnownFileType = sourcecode.swift; path = HanTipsHUD.swift; sourceTree = "<group>"; };
		9119A6E9228949A30062D305 /* HanBasicView.swift */ = {isa = PBXFileReference; lastKnownFileType = sourcecode.swift; path = HanBasicView.swift; sourceTree = "<group>"; };
		9119A6EC22894ED60062D305 /* HanTools.swift */ = {isa = PBXFileReference; lastKnownFileType = sourcecode.swift; path = HanTools.swift; sourceTree = "<group>"; };
		9119A6EE2289546A0062D305 /* HanTools_UIColor.swift */ = {isa = PBXFileReference; lastKnownFileType = sourcecode.swift; path = HanTools_UIColor.swift; sourceTree = "<group>"; };
		9119A6F02289640F0062D305 /* HanZoomPictureView.swift */ = {isa = PBXFileReference; lastKnownFileType = sourcecode.swift; path = HanZoomPictureView.swift; sourceTree = "<group>"; };
		9119A6F222896D3E0062D305 /* HanTools_Predicate.swift */ = {isa = PBXFileReference; lastKnownFileType = sourcecode.swift; path = HanTools_Predicate.swift; sourceTree = "<group>"; };
		9119A6F422896DC50062D305 /* HanTools_String.swift */ = {isa = PBXFileReference; lastKnownFileType = sourcecode.swift; path = HanTools_String.swift; sourceTree = "<group>"; };
		9119A6F722896F370062D305 /* HanBase64.swift */ = {isa = PBXFileReference; lastKnownFileType = sourcecode.swift; path = HanBase64.swift; sourceTree = "<group>"; };
		9119A6F922896F460062D305 /* HanMD5.swift */ = {isa = PBXFileReference; lastKnownFileType = sourcecode.swift; path = HanMD5.swift; sourceTree = "<group>"; };
		9119A6FB22896F650062D305 /* HanRSA.swift */ = {isa = PBXFileReference; lastKnownFileType = sourcecode.swift; path = HanRSA.swift; sourceTree = "<group>"; };
		9119A6FE228977520062D305 /* placeholder.png */ = {isa = PBXFileReference; lastKnownFileType = image.png; path = placeholder.png; sourceTree = "<group>"; };
		9119E27322851F780087653A /* HanSwiftTools.app */ = {isa = PBXFileReference; explicitFileType = wrapper.application; includeInIndex = 0; path = HanSwiftTools.app; sourceTree = BUILT_PRODUCTS_DIR; };
		9119E27622851F780087653A /* AppDelegate.swift */ = {isa = PBXFileReference; lastKnownFileType = sourcecode.swift; path = AppDelegate.swift; sourceTree = "<group>"; };
		9119E27822851F780087653A /* ViewController.swift */ = {isa = PBXFileReference; lastKnownFileType = sourcecode.swift; path = ViewController.swift; sourceTree = "<group>"; };
		9119E27B22851F780087653A /* Base */ = {isa = PBXFileReference; lastKnownFileType = file.storyboard; name = Base; path = Base.lproj/Main.storyboard; sourceTree = "<group>"; };
		9119E27D22851F7A0087653A /* Assets.xcassets */ = {isa = PBXFileReference; lastKnownFileType = folder.assetcatalog; path = Assets.xcassets; sourceTree = "<group>"; };
		9119E28022851F7A0087653A /* Base */ = {isa = PBXFileReference; lastKnownFileType = file.storyboard; name = Base; path = Base.lproj/LaunchScreen.storyboard; sourceTree = "<group>"; };
		9119E28222851F7A0087653A /* Info.plist */ = {isa = PBXFileReference; lastKnownFileType = text.plist.xml; path = Info.plist; sourceTree = "<group>"; };
		9119E2AC228521830087653A /* HanBasicDefine.swift */ = {isa = PBXFileReference; lastKnownFileType = sourcecode.swift; path = HanBasicDefine.swift; sourceTree = "<group>"; };
		9119E2B8228560560087653A /* HanImagePicker.swift */ = {isa = PBXFileReference; lastKnownFileType = sourcecode.swift; path = HanImagePicker.swift; sourceTree = "<group>"; };
		9119E2BA2285612B0087653A /* HanPublicBlock.swift */ = {isa = PBXFileReference; lastKnownFileType = sourcecode.swift; path = HanPublicBlock.swift; sourceTree = "<group>"; };
		9119E2BC22856D170087653A /* HanImagePickerVC.swift */ = {isa = PBXFileReference; lastKnownFileType = sourcecode.swift; path = HanImagePickerVC.swift; sourceTree = "<group>"; };
		9119E2BD22856D170087653A /* HanImagePickerVC.xib */ = {isa = PBXFileReference; lastKnownFileType = file.xib; path = HanImagePickerVC.xib; sourceTree = "<group>"; };
		9119E2C0228570320087653A /* ExampleVC.swift */ = {isa = PBXFileReference; lastKnownFileType = sourcecode.swift; path = ExampleVC.swift; sourceTree = "<group>"; };
		9119E2C1228570320087653A /* ExampleVC.xib */ = {isa = PBXFileReference; lastKnownFileType = file.xib; path = ExampleVC.xib; sourceTree = "<group>"; };
		914251B7228A54870010FD8B /* HanZoomPictureVC.swift */ = {isa = PBXFileReference; lastKnownFileType = sourcecode.swift; path = HanZoomPictureVC.swift; sourceTree = "<group>"; };
		914251B8228A54870010FD8B /* HanZoomPictureVC.xib */ = {isa = PBXFileReference; lastKnownFileType = file.xib; path = HanZoomPictureVC.xib; sourceTree = "<group>"; };
		914251BB228A5B200010FD8B /* HanZoom.jpeg */ = {isa = PBXFileReference; lastKnownFileType = image.jpeg; path = HanZoom.jpeg; sourceTree = "<group>"; };
		914251BD228A6DE30010FD8B /* HanTools_UIImage.swift */ = {isa = PBXFileReference; lastKnownFileType = sourcecode.swift; path = HanTools_UIImage.swift; sourceTree = "<group>"; };
		914251C0228A6EC30010FD8B /* HanZoomPicturesScrollView.swift */ = {isa = PBXFileReference; lastKnownFileType = sourcecode.swift; path = HanZoomPicturesScrollView.swift; sourceTree = "<group>"; };
		914251C2228A6F0B0010FD8B /* HanZoomPicturesView.swift */ = {isa = PBXFileReference; lastKnownFileType = sourcecode.swift; path = HanZoomPicturesView.swift; sourceTree = "<group>"; };
		914251C4228A6F8D0010FD8B /* HanZoomPicturesVC.swift */ = {isa = PBXFileReference; lastKnownFileType = sourcecode.swift; path = HanZoomPicturesVC.swift; sourceTree = "<group>"; };
		914251C7228A70430010FD8B /* 4.png */ = {isa = PBXFileReference; lastKnownFileType = image.png; path = 4.png; sourceTree = "<group>"; };
		914251C8228A70430010FD8B /* 5.png */ = {isa = PBXFileReference; lastKnownFileType = image.png; path = 5.png; sourceTree = "<group>"; };
		914251C9228A70430010FD8B /* 7.png */ = {isa = PBXFileReference; lastKnownFileType = image.png; path = 7.png; sourceTree = "<group>"; };
		914251CA228A70430010FD8B /* 6.png */ = {isa = PBXFileReference; lastKnownFileType = image.png; path = 6.png; sourceTree = "<group>"; };
		914251CB228A70430010FD8B /* 2.png */ = {isa = PBXFileReference; lastKnownFileType = image.png; path = 2.png; sourceTree = "<group>"; };
		914251CC228A70430010FD8B /* 3.png */ = {isa = PBXFileReference; lastKnownFileType = image.png; path = 3.png; sourceTree = "<group>"; };
		914251CD228A70430010FD8B /* 1.png */ = {isa = PBXFileReference; lastKnownFileType = image.png; path = 1.png; sourceTree = "<group>"; };
		914251DA228A96740010FD8B /* HanProgressVC.swift */ = {isa = PBXFileReference; lastKnownFileType = sourcecode.swift; path = HanProgressVC.swift; sourceTree = "<group>"; };
		914251DB228A96740010FD8B /* HanProgressVC.xib */ = {isa = PBXFileReference; lastKnownFileType = file.xib; path = HanProgressVC.xib; sourceTree = "<group>"; };
/* End PBXFileReference section */

/* Begin PBXFrameworksBuildPhase section */
		9119E27022851F780087653A /* Frameworks */ = {
			isa = PBXFrameworksBuildPhase;
			buildActionMask = 2147483647;
			files = (
			);
			runOnlyForDeploymentPostprocessing = 0;
		};
/* End PBXFrameworksBuildPhase section */

/* Begin PBXGroup section */
		9119A6E32289112B0062D305 /* Extension */ = {
			isa = PBXGroup;
			children = (
				9119A6E4228914ED0062D305 /* HanTools_UIView.swift */,
				9119A6EE2289546A0062D305 /* HanTools_UIColor.swift */,
				9119A6F422896DC50062D305 /* HanTools_String.swift */,
				914251BD228A6DE30010FD8B /* HanTools_UIImage.swift */,
			);
			path = Extension;
			sourceTree = "<group>";
		};
		9119A6E6228946330062D305 /* HanCustomView */ = {
			isa = PBXGroup;
			children = (
				914251BF228A6E800010FD8B /* HanZoomPicturesView */,
				9119A6E9228949A30062D305 /* HanBasicView.swift */,
				9119A6E72289486B0062D305 /* HanTipsHUD.swift */,
				9119A6F02289640F0062D305 /* HanZoomPictureView.swift */,
				91181D80228C0CD0002A8C09 /* HanProgressView.swift */,
			);
			path = HanCustomView;
			sourceTree = "<group>";
		};
		9119A6EB22894EC30062D305 /* HanTools */ = {
			isa = PBXGroup;
			children = (
				9119A6EC22894ED60062D305 /* HanTools.swift */,
				9119A6F222896D3E0062D305 /* HanTools_Predicate.swift */,
			);
			path = HanTools;
			sourceTree = "<group>";
		};
		9119A6F622896F240062D305 /* Encryption */ = {
			isa = PBXGroup;
			children = (
				9119A6F722896F370062D305 /* HanBase64.swift */,
				9119A6F922896F460062D305 /* HanMD5.swift */,
				9119A6FB22896F650062D305 /* HanRSA.swift */,
			);
			path = Encryption;
			sourceTree = "<group>";
		};
		9119A6FD2289773A0062D305 /* Resource */ = {
			isa = PBXGroup;
			children = (
				9119A700228977580062D305 /* Image */,
			);
			path = Resource;
			sourceTree = "<group>";
		};
		9119A700228977580062D305 /* Image */ = {
			isa = PBXGroup;
			children = (
				914251C6228A70430010FD8B /* HanZoomPictures */,
				9119A6FE228977520062D305 /* placeholder.png */,
				914251BB228A5B200010FD8B /* HanZoom.jpeg */,
			);
			path = Image;
			sourceTree = "<group>";
		};
		9119E26A22851F780087653A = {
			isa = PBXGroup;
			children = (
				9119E27522851F780087653A /* HanSwiftTools */,
				9119E27422851F780087653A /* Products */,
			);
			sourceTree = "<group>";
		};
		9119E27422851F780087653A /* Products */ = {
			isa = PBXGroup;
			children = (
				9119E27322851F780087653A /* HanSwiftTools.app */,
			);
			name = Products;
			sourceTree = "<group>";
		};
		9119E27522851F780087653A /* HanSwiftTools */ = {
			isa = PBXGroup;
			children = (
				914251B6228A53E40010FD8B /* Items */,
				9119A6FD2289773A0062D305 /* Resource */,
				9119E2AA228521450087653A /* Tools */,
				9119E27622851F780087653A /* AppDelegate.swift */,
				9119E2C0228570320087653A /* ExampleVC.swift */,
				9119E2C1228570320087653A /* ExampleVC.xib */,
				9119E27822851F780087653A /* ViewController.swift */,
				9119E27A22851F780087653A /* Main.storyboard */,
				9119E27D22851F7A0087653A /* Assets.xcassets */,
				9119E27F22851F7A0087653A /* LaunchScreen.storyboard */,
				9119E28222851F7A0087653A /* Info.plist */,
			);
			path = HanSwiftTools;
			sourceTree = "<group>";
		};
		9119E2AA228521450087653A /* Tools */ = {
			isa = PBXGroup;
			children = (
				9119A6F622896F240062D305 /* Encryption */,
				9119A6EB22894EC30062D305 /* HanTools */,
				9119A6E6228946330062D305 /* HanCustomView */,
				9119A6E32289112B0062D305 /* Extension */,
				9119E2B722855FB30087653A /* CustomSystemControls */,
				9119E2AB228521520087653A /* BasicDefine */,
			);
			path = Tools;
			sourceTree = "<group>";
		};
		9119E2AB228521520087653A /* BasicDefine */ = {
			isa = PBXGroup;
			children = (
				9119E2AC228521830087653A /* HanBasicDefine.swift */,
				9119E2BA2285612B0087653A /* HanPublicBlock.swift */,
			);
			path = BasicDefine;
			sourceTree = "<group>";
		};
		9119E2B722855FB30087653A /* CustomSystemControls */ = {
			isa = PBXGroup;
			children = (
				9119E2B8228560560087653A /* HanImagePicker.swift */,
			);
			path = CustomSystemControls;
			sourceTree = "<group>";
		};
		914251B6228A53E40010FD8B /* Items */ = {
			isa = PBXGroup;
			children = (
				9119E2BC22856D170087653A /* HanImagePickerVC.swift */,
				9119E2BD22856D170087653A /* HanImagePickerVC.xib */,
				914251B7228A54870010FD8B /* HanZoomPictureVC.swift */,
				914251B8228A54870010FD8B /* HanZoomPictureVC.xib */,
				914251C4228A6F8D0010FD8B /* HanZoomPicturesVC.swift */,
				914251DA228A96740010FD8B /* HanProgressVC.swift */,
				914251DB228A96740010FD8B /* HanProgressVC.xib */,
			);
			path = Items;
			sourceTree = "<group>";
		};
		914251BF228A6E800010FD8B /* HanZoomPicturesView */ = {
			isa = PBXGroup;
			children = (
				914251C0228A6EC30010FD8B /* HanZoomPicturesScrollView.swift */,
				914251C2228A6F0B0010FD8B /* HanZoomPicturesView.swift */,
			);
			path = HanZoomPicturesView;
			sourceTree = "<group>";
		};
		914251C6228A70430010FD8B /* HanZoomPictures */ = {
			isa = PBXGroup;
			children = (
				914251C7228A70430010FD8B /* 4.png */,
				914251C8228A70430010FD8B /* 5.png */,
				914251C9228A70430010FD8B /* 7.png */,
				914251CA228A70430010FD8B /* 6.png */,
				914251CB228A70430010FD8B /* 2.png */,
				914251CC228A70430010FD8B /* 3.png */,
				914251CD228A70430010FD8B /* 1.png */,
			);
			path = HanZoomPictures;
			sourceTree = "<group>";
		};
/* End PBXGroup section */

/* Begin PBXNativeTarget section */
		9119E27222851F780087653A /* HanSwiftTools */ = {
			isa = PBXNativeTarget;
			buildConfigurationList = 9119E28522851F7A0087653A /* Build configuration list for PBXNativeTarget "HanSwiftTools" */;
			buildPhases = (
				9119E26F22851F780087653A /* Sources */,
				9119E27022851F780087653A /* Frameworks */,
				9119E27122851F780087653A /* Resources */,
			);
			buildRules = (
			);
			dependencies = (
			);
			name = HanSwiftTools;
			productName = HanSwiftTools;
			productReference = 9119E27322851F780087653A /* HanSwiftTools.app */;
			productType = "com.apple.product-type.application";
		};
/* End PBXNativeTarget section */

/* Begin PBXProject section */
		9119E26B22851F780087653A /* Project object */ = {
			isa = PBXProject;
			attributes = {
				LastSwiftUpdateCheck = 1010;
				LastUpgradeCheck = 1010;
				ORGANIZATIONNAME = Han;
				TargetAttributes = {
					9119E27222851F780087653A = {
						CreatedOnToolsVersion = 10.1;
					};
				};
			};
			buildConfigurationList = 9119E26E22851F780087653A /* Build configuration list for PBXProject "HanSwiftTools" */;
			compatibilityVersion = "Xcode 9.3";
			developmentRegion = en;
			hasScannedForEncodings = 0;
			knownRegions = (
				en,
				Base,
			);
			mainGroup = 9119E26A22851F780087653A;
			productRefGroup = 9119E27422851F780087653A /* Products */;
			projectDirPath = "";
			projectRoot = "";
			targets = (
				9119E27222851F780087653A /* HanSwiftTools */,
			);
		};
/* End PBXProject section */

/* Begin PBXResourcesBuildPhase section */
		9119E27122851F780087653A /* Resources */ = {
			isa = PBXResourcesBuildPhase;
			buildActionMask = 2147483647;
			files = (
				914251D2228A70430010FD8B /* 2.png in Resources */,
				914251D0228A70430010FD8B /* 7.png in Resources */,
				914251CE228A70430010FD8B /* 4.png in Resources */,
				914251CF228A70430010FD8B /* 5.png in Resources */,
				9119E28122851F7A0087653A /* LaunchScreen.storyboard in Resources */,
				914251D3228A70430010FD8B /* 3.png in Resources */,
				9119A6FF228977520062D305 /* placeholder.png in Resources */,
				914251DD228A96740010FD8B /* HanProgressVC.xib in Resources */,
				9119E27E22851F7A0087653A /* Assets.xcassets in Resources */,
				914251D1228A70430010FD8B /* 6.png in Resources */,
				914251D4228A70430010FD8B /* 1.png in Resources */,
				9119E2C3228570320087653A /* ExampleVC.xib in Resources */,
				914251BC228A5B200010FD8B /* HanZoom.jpeg in Resources */,
				9119E2BF22856D170087653A /* HanImagePickerVC.xib in Resources */,
				914251BA228A54870010FD8B /* HanZoomPictureVC.xib in Resources */,
				9119E27C22851F780087653A /* Main.storyboard in Resources */,
			);
			runOnlyForDeploymentPostprocessing = 0;
		};
/* End PBXResourcesBuildPhase section */

/* Begin PBXSourcesBuildPhase section */
		9119E26F22851F780087653A /* Sources */ = {
			isa = PBXSourcesBuildPhase;
			buildActionMask = 2147483647;
			files = (
				9119A6E5228914ED0062D305 /* HanTools_UIView.swift in Sources */,
				9119A6F322896D3E0062D305 /* HanTools_Predicate.swift in Sources */,
				9119A6EF2289546A0062D305 /* HanTools_UIColor.swift in Sources */,
				914251B9228A54870010FD8B /* HanZoomPictureVC.swift in Sources */,
				914251C5228A6F8D0010FD8B /* HanZoomPicturesVC.swift in Sources */,
				914251DC228A96740010FD8B /* HanProgressVC.swift in Sources */,
				9119E2BE22856D170087653A /* HanImagePickerVC.swift in Sources */,
				914251BE228A6DE30010FD8B /* HanTools_UIImage.swift in Sources */,
				914251C3228A6F0B0010FD8B /* HanZoomPicturesView.swift in Sources */,
				9119E2AD228521830087653A /* HanBasicDefine.swift in Sources */,
				9119E27922851F780087653A /* ViewController.swift in Sources */,
				9119A6FC22896F650062D305 /* HanRSA.swift in Sources */,
				9119A6FA22896F460062D305 /* HanMD5.swift in Sources */,
				9119A6F822896F370062D305 /* HanBase64.swift in Sources */,
				9119E2BB2285612B0087653A /* HanPublicBlock.swift in Sources */,
				9119E2C2228570320087653A /* ExampleVC.swift in Sources */,
				9119A6F12289640F0062D305 /* HanZoomPictureView.swift in Sources */,
				91181D81228C0CD0002A8C09 /* HanProgressView.swift in Sources */,
				9119E27722851F780087653A /* AppDelegate.swift in Sources */,
				9119E2B9228560560087653A /* HanImagePicker.swift in Sources */,
				914251C1228A6EC30010FD8B /* HanZoomPicturesScrollView.swift in Sources */,
				9119A6F522896DC50062D305 /* HanTools_String.swift in Sources */,
				9119A6ED22894ED60062D305 /* HanTools.swift in Sources */,
				9119A6E82289486B0062D305 /* HanTipsHUD.swift in Sources */,
				9119A6EA228949A30062D305 /* HanBasicView.swift in Sources */,
			);
			runOnlyForDeploymentPostprocessing = 0;
		};
/* End PBXSourcesBuildPhase section */

/* Begin PBXVariantGroup section */
		9119E27A22851F780087653A /* Main.storyboard */ = {
			isa = PBXVariantGroup;
			children = (
				9119E27B22851F780087653A /* Base */,
			);
			name = Main.storyboard;
			sourceTree = "<group>";
		};
		9119E27F22851F7A0087653A /* LaunchScreen.storyboard */ = {
			isa = PBXVariantGroup;
			children = (
				9119E28022851F7A0087653A /* Base */,
			);
			name = LaunchScreen.storyboard;
			sourceTree = "<group>";
		};
/* End PBXVariantGroup section */

/* Begin XCBuildConfiguration section */
		9119E28322851F7A0087653A /* Debug */ = {
			isa = XCBuildConfiguration;
			buildSettings = {
				ALWAYS_SEARCH_USER_PATHS = NO;
				CLANG_ANALYZER_NONNULL = YES;
				CLANG_ANALYZER_NUMBER_OBJECT_CONVERSION = YES_AGGRESSIVE;
				CLANG_CXX_LANGUAGE_STANDARD = "gnu++14";
				CLANG_CXX_LIBRARY = "libc++";
				CLANG_ENABLE_MODULES = YES;
				CLANG_ENABLE_OBJC_ARC = YES;
				CLANG_ENABLE_OBJC_WEAK = YES;
				CLANG_WARN_BLOCK_CAPTURE_AUTORELEASING = YES;
				CLANG_WARN_BOOL_CONVERSION = YES;
				CLANG_WARN_COMMA = YES;
				CLANG_WARN_CONSTANT_CONVERSION = YES;
				CLANG_WARN_DEPRECATED_OBJC_IMPLEMENTATIONS = YES;
				CLANG_WARN_DIRECT_OBJC_ISA_USAGE = YES_ERROR;
				CLANG_WARN_DOCUMENTATION_COMMENTS = YES;
				CLANG_WARN_EMPTY_BODY = YES;
				CLANG_WARN_ENUM_CONVERSION = YES;
				CLANG_WARN_INFINITE_RECURSION = YES;
				CLANG_WARN_INT_CONVERSION = YES;
				CLANG_WARN_NON_LITERAL_NULL_CONVERSION = YES;
				CLANG_WARN_OBJC_IMPLICIT_RETAIN_SELF = YES;
				CLANG_WARN_OBJC_LITERAL_CONVERSION = YES;
				CLANG_WARN_OBJC_ROOT_CLASS = YES_ERROR;
				CLANG_WARN_RANGE_LOOP_ANALYSIS = YES;
				CLANG_WARN_STRICT_PROTOTYPES = YES;
				CLANG_WARN_SUSPICIOUS_MOVE = YES;
				CLANG_WARN_UNGUARDED_AVAILABILITY = YES_AGGRESSIVE;
				CLANG_WARN_UNREACHABLE_CODE = YES;
				CLANG_WARN__DUPLICATE_METHOD_MATCH = YES;
				CODE_SIGN_IDENTITY = "iPhone Developer";
				COPY_PHASE_STRIP = NO;
				DEBUG_INFORMATION_FORMAT = dwarf;
				ENABLE_STRICT_OBJC_MSGSEND = YES;
				ENABLE_TESTABILITY = YES;
				GCC_C_LANGUAGE_STANDARD = gnu11;
				GCC_DYNAMIC_NO_PIC = NO;
				GCC_NO_COMMON_BLOCKS = YES;
				GCC_OPTIMIZATION_LEVEL = 0;
				GCC_PREPROCESSOR_DEFINITIONS = (
					"DEBUG=1",
					"$(inherited)",
				);
				GCC_WARN_64_TO_32_BIT_CONVERSION = YES;
				GCC_WARN_ABOUT_RETURN_TYPE = YES_ERROR;
				GCC_WARN_UNDECLARED_SELECTOR = YES;
				GCC_WARN_UNINITIALIZED_AUTOS = YES_AGGRESSIVE;
				GCC_WARN_UNUSED_FUNCTION = YES;
				GCC_WARN_UNUSED_VARIABLE = YES;
				IPHONEOS_DEPLOYMENT_TARGET = 12.1;
				MTL_ENABLE_DEBUG_INFO = INCLUDE_SOURCE;
				MTL_FAST_MATH = YES;
				ONLY_ACTIVE_ARCH = YES;
				SDKROOT = iphoneos;
				SWIFT_ACTIVE_COMPILATION_CONDITIONS = DEBUG;
				SWIFT_OPTIMIZATION_LEVEL = "-Onone";
			};
			name = Debug;
		};
		9119E28422851F7A0087653A /* Release */ = {
			isa = XCBuildConfiguration;
			buildSettings = {
				ALWAYS_SEARCH_USER_PATHS = NO;
				CLANG_ANALYZER_NONNULL = YES;
				CLANG_ANALYZER_NUMBER_OBJECT_CONVERSION = YES_AGGRESSIVE;
				CLANG_CXX_LANGUAGE_STANDARD = "gnu++14";
				CLANG_CXX_LIBRARY = "libc++";
				CLANG_ENABLE_MODULES = YES;
				CLANG_ENABLE_OBJC_ARC = YES;
				CLANG_ENABLE_OBJC_WEAK = YES;
				CLANG_WARN_BLOCK_CAPTURE_AUTORELEASING = YES;
				CLANG_WARN_BOOL_CONVERSION = YES;
				CLANG_WARN_COMMA = YES;
				CLANG_WARN_CONSTANT_CONVERSION = YES;
				CLANG_WARN_DEPRECATED_OBJC_IMPLEMENTATIONS = YES;
				CLANG_WARN_DIRECT_OBJC_ISA_USAGE = YES_ERROR;
				CLANG_WARN_DOCUMENTATION_COMMENTS = YES;
				CLANG_WARN_EMPTY_BODY = YES;
				CLANG_WARN_ENUM_CONVERSION = YES;
				CLANG_WARN_INFINITE_RECURSION = YES;
				CLANG_WARN_INT_CONVERSION = YES;
				CLANG_WARN_NON_LITERAL_NULL_CONVERSION = YES;
				CLANG_WARN_OBJC_IMPLICIT_RETAIN_SELF = YES;
				CLANG_WARN_OBJC_LITERAL_CONVERSION = YES;
				CLANG_WARN_OBJC_ROOT_CLASS = YES_ERROR;
				CLANG_WARN_RANGE_LOOP_ANALYSIS = YES;
				CLANG_WARN_STRICT_PROTOTYPES = YES;
				CLANG_WARN_SUSPICIOUS_MOVE = YES;
				CLANG_WARN_UNGUARDED_AVAILABILITY = YES_AGGRESSIVE;
				CLANG_WARN_UNREACHABLE_CODE = YES;
				CLANG_WARN__DUPLICATE_METHOD_MATCH = YES;
				CODE_SIGN_IDENTITY = "iPhone Developer";
				COPY_PHASE_STRIP = NO;
				DEBUG_INFORMATION_FORMAT = "dwarf-with-dsym";
				ENABLE_NS_ASSERTIONS = NO;
				ENABLE_STRICT_OBJC_MSGSEND = YES;
				GCC_C_LANGUAGE_STANDARD = gnu11;
				GCC_NO_COMMON_BLOCKS = YES;
				GCC_WARN_64_TO_32_BIT_CONVERSION = YES;
				GCC_WARN_ABOUT_RETURN_TYPE = YES_ERROR;
				GCC_WARN_UNDECLARED_SELECTOR = YES;
				GCC_WARN_UNINITIALIZED_AUTOS = YES_AGGRESSIVE;
				GCC_WARN_UNUSED_FUNCTION = YES;
				GCC_WARN_UNUSED_VARIABLE = YES;
				IPHONEOS_DEPLOYMENT_TARGET = 12.1;
				MTL_ENABLE_DEBUG_INFO = NO;
				MTL_FAST_MATH = YES;
				SDKROOT = iphoneos;
				SWIFT_COMPILATION_MODE = wholemodule;
				SWIFT_OPTIMIZATION_LEVEL = "-O";
				VALIDATE_PRODUCT = YES;
			};
			name = Release;
		};
		9119E28622851F7A0087653A /* Debug */ = {
			isa = XCBuildConfiguration;
			buildSettings = {
				ASSETCATALOG_COMPILER_APPICON_NAME = AppIcon;
				CODE_SIGN_STYLE = Automatic;
				DEVELOPMENT_TEAM = 547K83BTCD;
				INFOPLIST_FILE = HanSwiftTools/Info.plist;
				IPHONEOS_DEPLOYMENT_TARGET = 10.0;
				LD_RUNPATH_SEARCH_PATHS = (
					"$(inherited)",
					"@executable_path/Frameworks",
				);
				PRODUCT_BUNDLE_IDENTIFIER = com.hk.hqPay.HanSwiftTools;
				PRODUCT_NAME = "$(TARGET_NAME)";
				SWIFT_VERSION = 4.2;
				TARGETED_DEVICE_FAMILY = 1;
			};
			name = Debug;
		};
		9119E28722851F7A0087653A /* Release */ = {
			isa = XCBuildConfiguration;
			buildSettings = {
				ASSETCATALOG_COMPILER_APPICON_NAME = AppIcon;
				CODE_SIGN_STYLE = Automatic;
				DEVELOPMENT_TEAM = 547K83BTCD;
				INFOPLIST_FILE = HanSwiftTools/Info.plist;
				IPHONEOS_DEPLOYMENT_TARGET = 10.0;
				LD_RUNPATH_SEARCH_PATHS = (
					"$(inherited)",
					"@executable_path/Frameworks",
				);
				PRODUCT_BUNDLE_IDENTIFIER = com.hk.hqPay.HanSwiftTools;
				PRODUCT_NAME = "$(TARGET_NAME)";
				SWIFT_VERSION = 4.2;
				TARGETED_DEVICE_FAMILY = 1;
			};
			name = Release;
		};
/* End XCBuildConfiguration section */

/* Begin XCConfigurationList section */
		9119E26E22851F780087653A /* Build configuration list for PBXProject "HanSwiftTools" */ = {
			isa = XCConfigurationList;
			buildConfigurations = (
				9119E28322851F7A0087653A /* Debug */,
				9119E28422851F7A0087653A /* Release */,
			);
			defaultConfigurationIsVisible = 0;
			defaultConfigurationName = Release;
		};
		9119E28522851F7A0087653A /* Build configuration list for PBXNativeTarget "HanSwiftTools" */ = {
			isa = XCConfigurationList;
			buildConfigurations = (
				9119E28622851F7A0087653A /* Debug */,
				9119E28722851F7A0087653A /* Release */,
			);
			defaultConfigurationIsVisible = 0;
			defaultConfigurationName = Release;
		};
/* End XCConfigurationList section */
	};
	rootObject = 9119E26B22851F780087653A /* Project object */;
}
